
Microsoft Visual Studio Solution File, Format Version 12.00
# Visual Studio 15
VisualStudioVersion = 15.0.26403.3
MinimumVisualStudioVersion = 10.0.40219.1
Project("{FAE04EC0-301F-11D3-BF4B-00C04F79EFBC}") = "AgilePrinciplesPractice", "AgilePrinciplesPractice.csproj", "{3D54AC9E-C5D8-4100-B104-64B9EC3D70BA}"
EndProject
Project("{FAE04EC0-301F-11D3-BF4B-00C04F79EFBC}") = "AgilePrinciplesPracticeTests", "..\AgilePrinciplesPracticeTests\AgilePrinciplesPracticeTests.csproj", "{59455FCB-49C2-45E4-8B1B-3C94B452E232}"
EndProject
Global
	GlobalSection(SolutionConfigurationPlatforms) = preSolution
		Debug|Any CPU = Debug|Any CPU
		Release|Any CPU = Release|Any CPU
	EndGlobalSection
	GlobalSection(ProjectConfigurationPlatforms) = postSolution
		{3D54AC9E-C5D8-4100-B104-64B9EC3D70BA}.Debug|Any CPU.ActiveCfg = Debug|Any CPU
		{3D54AC9E-C5D8-4100-B104-64B9EC3D70BA}.Debug|Any CPU.Build.0 = Debug|Any CPU
		{3D54AC9E-C5D8-4100-B104-64B9EC3D70BA}.Release|Any CPU.ActiveCfg = Release|Any CPU
		{3D54AC9E-C5D8-4100-B104-64B9EC3D70BA}.Release|Any CPU.Build.0 = Release|Any CPU
		{59455FCB-49C2-45E4-8B1B-3C94B452E232}.Debug|Any CPU.ActiveCfg = Debug|Any CPU
		{59455FCB-49C2-45E4-8B1B-3C94B452E232}.Debug|Any CPU.Build.0 = Debug|Any CPU
		{59455FCB-49C2-45E4-8B1B-3C94B452E232}.Release|Any CPU.ActiveCfg = Release|Any CPU
		{59455FCB-49C2-45E4-8B1B-3C94B452E232}.Release|Any CPU.Build.0 = Release|Any CPU
	EndGlobalSection
	GlobalSection(SolutionProperties) = preSolution
		HideSolutionNode = FALSE
	EndGlobalSection
EndGlobal
